
Microsoft Visual Studio Solution File, Format Version 12.00
# Visual Studio Version 17
VisualStudioVersion = 17.4.33213.308
MinimumVisualStudioVersion = 10.0.40219.1
Project("{9A19103F-16F7-4668-BE54-9A1E7A4F7556}") = "TestShop.Api", "TestShop.Api\TestShop.Api.csproj", "{374BA4F2-1B8E-445B-8A92-7FF89D4D5E7E}"
EndProject
Project("{FAE04EC0-301F-11D3-BF4B-00C04F79EFBC}") = "TestShop.Extranet", "TestShop.Extranet\TestShop.Extranet.csproj", "{1D4B0883-FF8D-4DFF-8CBF-029635C18C74}"
EndProject
Global
	GlobalSection(SolutionConfigurationPlatforms) = preSolution
		Debug|Any CPU = Debug|Any CPU
		Release|Any CPU = Release|Any CPU
	EndGlobalSection
	GlobalSection(ProjectConfigurationPlatforms) = postSolution
		{374BA4F2-1B8E-445B-8A92-7FF89D4D5E7E}.Debug|Any CPU.ActiveCfg = Debug|Any CPU
		{374BA4F2-1B8E-445B-8A92-7FF89D4D5E7E}.Debug|Any CPU.Build.0 = Debug|Any CPU
		{374BA4F2-1B8E-445B-8A92-7FF89D4D5E7E}.Release|Any CPU.ActiveCfg = Release|Any CPU
		{374BA4F2-1B8E-445B-8A92-7FF89D4D5E7E}.Release|Any CPU.Build.0 = Release|Any CPU
		{1D4B0883-FF8D-4DFF-8CBF-029635C18C74}.Debug|Any CPU.ActiveCfg = Debug|Any CPU
		{1D4B0883-FF8D-4DFF-8CBF-029635C18C74}.Debug|Any CPU.Build.0 = Debug|Any CPU
		{1D4B0883-FF8D-4DFF-8CBF-029635C18C74}.Release|Any CPU.ActiveCfg = Release|Any CPU
		{1D4B0883-FF8D-4DFF-8CBF-029635C18C74}.Release|Any CPU.Build.0 = Release|Any CPU
	EndGlobalSection
	GlobalSection(SolutionProperties) = preSolution
		HideSolutionNode = FALSE
	EndGlobalSection
	GlobalSection(ExtensibilityGlobals) = postSolution
		SolutionGuid = {2708B794-6957-45FF-9231-D1EFF19ADE56}
	EndGlobalSection
EndGlobal
